// !$*UTF8*$!
{
	archiveVersion = 1;
	classes = {
	};
	objectVersion = 56;
	objects = {

/* Begin PBXBuildFile section */
		C648E7C02B9D06B4008C227D /* MapViewState.swift in Sources */ = {isa = PBXBuildFile; fileRef = C648E7BF2B9D06B4008C227D /* MapViewState.swift */; };
		C648E7C32B9D0E9B008C227D /* RideRequestView.swift in Sources */ = {isa = PBXBuildFile; fileRef = C648E7C22B9D0E9B008C227D /* RideRequestView.swift */; };
		C648E7C72B9F4057008C227D /* RideType.swift in Sources */ = {isa = PBXBuildFile; fileRef = C648E7C62B9F4057008C227D /* RideType.swift */; };
		C648E7C92BA0BE15008C227D /* Double.swift in Sources */ = {isa = PBXBuildFile; fileRef = C648E7C82BA0BE15008C227D /* Double.swift */; };
		C648E7CB2BA23CF9008C227D /* UberLocation.swift in Sources */ = {isa = PBXBuildFile; fileRef = C648E7CA2BA23CF9008C227D /* UberLocation.swift */; };
		C64DFD0C2B94D417000CE784 /* LocationSearchView.swift in Sources */ = {isa = PBXBuildFile; fileRef = C64DFD0B2B94D417000CE784 /* LocationSearchView.swift */; };
		C64DFD0E2B94D713000CE784 /* LocationSearchResultCell.swift in Sources */ = {isa = PBXBuildFile; fileRef = C64DFD0D2B94D713000CE784 /* LocationSearchResultCell.swift */; };
		C64DFD102B951BD1000CE784 /* LocationSearchViewModel.swift in Sources */ = {isa = PBXBuildFile; fileRef = C64DFD0F2B951BD1000CE784 /* LocationSearchViewModel.swift */; };
		C6E272DB2B93575B001BC1D8 /* UberSwiftUIApp.swift in Sources */ = {isa = PBXBuildFile; fileRef = C6E272DA2B93575B001BC1D8 /* UberSwiftUIApp.swift */; };
		C6E272DF2B93575D001BC1D8 /* Assets.xcassets in Resources */ = {isa = PBXBuildFile; fileRef = C6E272DE2B93575D001BC1D8 /* Assets.xcassets */; };
		C6E272F22B93585D001BC1D8 /* HomeView.swift in Sources */ = {isa = PBXBuildFile; fileRef = C6E272F12B93585D001BC1D8 /* HomeView.swift */; };
		C6E272F62B935A57001BC1D8 /* UberMapViewRepresentable.swift in Sources */ = {isa = PBXBuildFile; fileRef = C6E272F52B935A57001BC1D8 /* UberMapViewRepresentable.swift */; };
		C6E272F82B935B57001BC1D8 /* LocationManager.swift in Sources */ = {isa = PBXBuildFile; fileRef = C6E272F72B935B57001BC1D8 /* LocationManager.swift */; };
		C6E272FE2B936D47001BC1D8 /* LocationSearchActivationView.swift in Sources */ = {isa = PBXBuildFile; fileRef = C6E272FD2B936D47001BC1D8 /* LocationSearchActivationView.swift */; };
		C6E273002B936F4B001BC1D8 /* MapViewActionButton.swift in Sources */ = {isa = PBXBuildFile; fileRef = C6E272FF2B936F4B001BC1D8 /* MapViewActionButton.swift */; };
/* End PBXBuildFile section */

/* Begin PBXFileReference section */
		C648E7BF2B9D06B4008C227D /* MapViewState.swift */ = {isa = PBXFileReference; lastKnownFileType = sourcecode.swift; path = MapViewState.swift; sourceTree = "<group>"; };
		C648E7C22B9D0E9B008C227D /* RideRequestView.swift */ = {isa = PBXFileReference; lastKnownFileType = sourcecode.swift; path = RideRequestView.swift; sourceTree = "<group>"; };
		C648E7C62B9F4057008C227D /* RideType.swift */ = {isa = PBXFileReference; lastKnownFileType = sourcecode.swift; path = RideType.swift; sourceTree = "<group>"; };
		C648E7C82BA0BE15008C227D /* Double.swift */ = {isa = PBXFileReference; lastKnownFileType = sourcecode.swift; path = Double.swift; sourceTree = "<group>"; };
		C648E7CA2BA23CF9008C227D /* UberLocation.swift */ = {isa = PBXFileReference; lastKnownFileType = sourcecode.swift; path = UberLocation.swift; sourceTree = "<group>"; };
		C64DFD0B2B94D417000CE784 /* LocationSearchView.swift */ = {isa = PBXFileReference; lastKnownFileType = sourcecode.swift; path = LocationSearchView.swift; sourceTree = "<group>"; };
		C64DFD0D2B94D713000CE784 /* LocationSearchResultCell.swift */ = {isa = PBXFileReference; lastKnownFileType = sourcecode.swift; path = LocationSearchResultCell.swift; sourceTree = "<group>"; };
		C64DFD0F2B951BD1000CE784 /* LocationSearchViewModel.swift */ = {isa = PBXFileReference; lastKnownFileType = sourcecode.swift; path = LocationSearchViewModel.swift; sourceTree = "<group>"; };
		C6E272D72B93575B001BC1D8 /* UberSwiftUI.app */ = {isa = PBXFileReference; explicitFileType = wrapper.application; includeInIndex = 0; path = UberSwiftUI.app; sourceTree = BUILT_PRODUCTS_DIR; };
		C6E272DA2B93575B001BC1D8 /* UberSwiftUIApp.swift */ = {isa = PBXFileReference; lastKnownFileType = sourcecode.swift; path = UberSwiftUIApp.swift; sourceTree = "<group>"; };
		C6E272DE2B93575D001BC1D8 /* Assets.xcassets */ = {isa = PBXFileReference; lastKnownFileType = folder.assetcatalog; path = Assets.xcassets; sourceTree = "<group>"; };
		C6E272F12B93585D001BC1D8 /* HomeView.swift */ = {isa = PBXFileReference; lastKnownFileType = sourcecode.swift; path = HomeView.swift; sourceTree = "<group>"; };
		C6E272F52B935A57001BC1D8 /* UberMapViewRepresentable.swift */ = {isa = PBXFileReference; lastKnownFileType = sourcecode.swift; path = UberMapViewRepresentable.swift; sourceTree = "<group>"; };
		C6E272F72B935B57001BC1D8 /* LocationManager.swift */ = {isa = PBXFileReference; lastKnownFileType = sourcecode.swift; path = LocationManager.swift; sourceTree = "<group>"; };
		C6E272FD2B936D47001BC1D8 /* LocationSearchActivationView.swift */ = {isa = PBXFileReference; lastKnownFileType = sourcecode.swift; path = LocationSearchActivationView.swift; sourceTree = "<group>"; };
		C6E272FF2B936F4B001BC1D8 /* MapViewActionButton.swift */ = {isa = PBXFileReference; lastKnownFileType = sourcecode.swift; path = MapViewActionButton.swift; sourceTree = "<group>"; };
/* End PBXFileReference section */

/* Begin PBXFrameworksBuildPhase section */
		C6E272D42B93575B001BC1D8 /* Frameworks */ = {
			isa = PBXFrameworksBuildPhase;
			buildActionMask = 2147483647;
			files = (
			);
			runOnlyForDeploymentPostprocessing = 0;
		};
/* End PBXFrameworksBuildPhase section */

/* Begin PBXGroup section */
		C648E7C12B9D0E84008C227D /* Trips */ = {
			isa = PBXGroup;
			children = (
				C648E7C22B9D0E9B008C227D /* RideRequestView.swift */,
			);
			path = Trips;
			sourceTree = "<group>";
		};
		C6E272CE2B93575B001BC1D8 = {
			isa = PBXGroup;
			children = (
				C6E272D92B93575B001BC1D8 /* UberSwiftUI */,
				C6E272D82B93575B001BC1D8 /* Products */,
			);
			sourceTree = "<group>";
		};
		C6E272D82B93575B001BC1D8 /* Products */ = {
			isa = PBXGroup;
			children = (
				C6E272D72B93575B001BC1D8 /* UberSwiftUI.app */,
			);
			name = Products;
			sourceTree = "<group>";
		};
		C6E272D92B93575B001BC1D8 /* UberSwiftUI */ = {
			isa = PBXGroup;
			children = (
				C6E272E82B93577B001BC1D8 /* App */,
				C6E272E92B935784001BC1D8 /* Core */,
				C6E272EA2B93578E001BC1D8 /* Extensions */,
				C6E272ED2B9357CC001BC1D8 /* Managers */,
				C6E272EE2B9357DC001BC1D8 /* Models */,
				C6E272DE2B93575D001BC1D8 /* Assets.xcassets */,
			);
			path = UberSwiftUI;
			sourceTree = "<group>";
		};
		C6E272E82B93577B001BC1D8 /* App */ = {
			isa = PBXGroup;
			children = (
				C6E272DA2B93575B001BC1D8 /* UberSwiftUIApp.swift */,
			);
			path = App;
			sourceTree = "<group>";
		};
		C6E272E92B935784001BC1D8 /* Core */ = {
			isa = PBXGroup;
			children = (
				C648E7C12B9D0E84008C227D /* Trips */,
				C6E272FA2B936CFC001BC1D8 /* LocationSearch */,
				C6E272F92B936CEE001BC1D8 /* Home */,
			);
			path = Core;
			sourceTree = "<group>";
		};
		C6E272EA2B93578E001BC1D8 /* Extensions */ = {
			isa = PBXGroup;
			children = (
				C648E7C82BA0BE15008C227D /* Double.swift */,
			);
			path = Extensions;
			sourceTree = "<group>";
		};
		C6E272ED2B9357CC001BC1D8 /* Managers */ = {
			isa = PBXGroup;
			children = (
				C6E272F72B935B57001BC1D8 /* LocationManager.swift */,
			);
			path = Managers;
			sourceTree = "<group>";
		};
		C6E272EE2B9357DC001BC1D8 /* Models */ = {
			isa = PBXGroup;
			children = (
				C648E7BF2B9D06B4008C227D /* MapViewState.swift */,
				C648E7C62B9F4057008C227D /* RideType.swift */,
				C648E7CA2BA23CF9008C227D /* UberLocation.swift */,
			);
			path = Models;
			sourceTree = "<group>";
		};
		C6E272EF2B935830001BC1D8 /* ViewModel */ = {
			isa = PBXGroup;
			children = (
			);
			path = ViewModel;
			sourceTree = "<group>";
		};
		C6E272F02B935840001BC1D8 /* Views */ = {
			isa = PBXGroup;
			children = (
				C6E272F12B93585D001BC1D8 /* HomeView.swift */,
				C6E272F52B935A57001BC1D8 /* UberMapViewRepresentable.swift */,
				C6E272FF2B936F4B001BC1D8 /* MapViewActionButton.swift */,
			);
			path = Views;
			sourceTree = "<group>";
		};
		C6E272F92B936CEE001BC1D8 /* Home */ = {
			isa = PBXGroup;
			children = (
				C6E272EF2B935830001BC1D8 /* ViewModel */,
				C6E272F02B935840001BC1D8 /* Views */,
			);
			path = Home;
			sourceTree = "<group>";
		};
		C6E272FA2B936CFC001BC1D8 /* LocationSearch */ = {
			isa = PBXGroup;
			children = (
				C6E272FC2B936D15001BC1D8 /* ViewModel */,
				C6E272FB2B936D0C001BC1D8 /* Views */,
			);
			path = LocationSearch;
			sourceTree = "<group>";
		};
		C6E272FB2B936D0C001BC1D8 /* Views */ = {
			isa = PBXGroup;
			children = (
				C6E272FD2B936D47001BC1D8 /* LocationSearchActivationView.swift */,
				C64DFD0B2B94D417000CE784 /* LocationSearchView.swift */,
				C64DFD0D2B94D713000CE784 /* LocationSearchResultCell.swift */,
			);
			path = Views;
			sourceTree = "<group>";
		};
		C6E272FC2B936D15001BC1D8 /* ViewModel */ = {
			isa = PBXGroup;
			children = (
				C64DFD0F2B951BD1000CE784 /* LocationSearchViewModel.swift */,
			);
			path = ViewModel;
			sourceTree = "<group>";
		};
/* End PBXGroup section */

/* Begin PBXNativeTarget section */
		C6E272D62B93575B001BC1D8 /* UberSwiftUI */ = {
			isa = PBXNativeTarget;
			buildConfigurationList = C6E272E52B93575D001BC1D8 /* Build configuration list for PBXNativeTarget "UberSwiftUI" */;
			buildPhases = (
				C6E272D32B93575B001BC1D8 /* Sources */,
				C6E272D42B93575B001BC1D8 /* Frameworks */,
				C6E272D52B93575B001BC1D8 /* Resources */,
			);
			buildRules = (
			);
			dependencies = (
			);
			name = UberSwiftUI;
			productName = UberSwiftUI;
			productReference = C6E272D72B93575B001BC1D8 /* UberSwiftUI.app */;
			productType = "com.apple.product-type.application";
		};
/* End PBXNativeTarget section */

/* Begin PBXProject section */
		C6E272CF2B93575B001BC1D8 /* Project object */ = {
			isa = PBXProject;
			attributes = {
				BuildIndependentTargetsInParallel = 1;
				LastSwiftUpdateCheck = 1520;
				LastUpgradeCheck = 1520;
				TargetAttributes = {
					C6E272D62B93575B001BC1D8 = {
						CreatedOnToolsVersion = 15.2;
					};
				};
			};
			buildConfigurationList = C6E272D22B93575B001BC1D8 /* Build configuration list for PBXProject "UberSwiftUI" */;
			compatibilityVersion = "Xcode 14.0";
			developmentRegion = en;
			hasScannedForEncodings = 0;
			knownRegions = (
				en,
				Base,
			);
			mainGroup = C6E272CE2B93575B001BC1D8;
			productRefGroup = C6E272D82B93575B001BC1D8 /* Products */;
			projectDirPath = "";
			projectRoot = "";
			targets = (
				C6E272D62B93575B001BC1D8 /* UberSwiftUI */,
			);
		};
/* End PBXProject section */

/* Begin PBXResourcesBuildPhase section */
		C6E272D52B93575B001BC1D8 /* Resources */ = {
			isa = PBXResourcesBuildPhase;
			buildActionMask = 2147483647;
			files = (
				C6E272DF2B93575D001BC1D8 /* Assets.xcassets in Resources */,
			);
			runOnlyForDeploymentPostprocessing = 0;
		};
/* End PBXResourcesBuildPhase section */

/* Begin PBXSourcesBuildPhase section */
		C6E272D32B93575B001BC1D8 /* Sources */ = {
			isa = PBXSourcesBuildPhase;
			buildActionMask = 2147483647;
			files = (
				C64DFD102B951BD1000CE784 /* LocationSearchViewModel.swift in Sources */,
				C64DFD0C2B94D417000CE784 /* LocationSearchView.swift in Sources */,
				C6E272F82B935B57001BC1D8 /* LocationManager.swift in Sources */,
				C648E7C32B9D0E9B008C227D /* RideRequestView.swift in Sources */,
				C648E7C92BA0BE15008C227D /* Double.swift in Sources */,
				C648E7C02B9D06B4008C227D /* MapViewState.swift in Sources */,
				C6E273002B936F4B001BC1D8 /* MapViewActionButton.swift in Sources */,
				C6E272F62B935A57001BC1D8 /* UberMapViewRepresentable.swift in Sources */,
				C6E272DB2B93575B001BC1D8 /* UberSwiftUIApp.swift in Sources */,
				C6E272F22B93585D001BC1D8 /* HomeView.swift in Sources */,
				C648E7CB2BA23CF9008C227D /* UberLocation.swift in Sources */,
				C6E272FE2B936D47001BC1D8 /* LocationSearchActivationView.swift in Sources */,
				C64DFD0E2B94D713000CE784 /* LocationSearchResultCell.swift in Sources */,
				C648E7C72B9F4057008C227D /* RideType.swift in Sources */,
			);
			runOnlyForDeploymentPostprocessing = 0;
		};
/* End PBXSourcesBuildPhase section */

/* Begin XCBuildConfiguration section */
		C6E272E32B93575D001BC1D8 /* Debug */ = {
			isa = XCBuildConfiguration;
			buildSettings = {
				ALWAYS_SEARCH_USER_PATHS = NO;
				ASSETCATALOG_COMPILER_GENERATE_SWIFT_ASSET_SYMBOL_EXTENSIONS = YES;
				CLANG_ANALYZER_NONNULL = YES;
				CLANG_ANALYZER_NUMBER_OBJECT_CONVERSION = YES_AGGRESSIVE;
				CLANG_CXX_LANGUAGE_STANDARD = "gnu++20";
				CLANG_ENABLE_MODULES = YES;
				CLANG_ENABLE_OBJC_ARC = YES;
				CLANG_ENABLE_OBJC_WEAK = YES;
				CLANG_WARN_BLOCK_CAPTURE_AUTORELEASING = YES;
				CLANG_WARN_BOOL_CONVERSION = YES;
				CLANG_WARN_COMMA = YES;
				CLANG_WARN_CONSTANT_CONVERSION = YES;
				CLANG_WARN_DEPRECATED_OBJC_IMPLEMENTATIONS = YES;
				CLANG_WARN_DIRECT_OBJC_ISA_USAGE = YES_ERROR;
				CLANG_WARN_DOCUMENTATION_COMMENTS = YES;
				CLANG_WARN_EMPTY_BODY = YES;
				CLANG_WARN_ENUM_CONVERSION = YES;
				CLANG_WARN_INFINITE_RECURSION = YES;
				CLANG_WARN_INT_CONVERSION = YES;
				CLANG_WARN_NON_LITERAL_NULL_CONVERSION = YES;
				CLANG_WARN_OBJC_IMPLICIT_RETAIN_SELF = YES;
				CLANG_WARN_OBJC_LITERAL_CONVERSION = YES;
				CLANG_WARN_OBJC_ROOT_CLASS = YES_ERROR;
				CLANG_WARN_QUOTED_INCLUDE_IN_FRAMEWORK_HEADER = YES;
				CLANG_WARN_RANGE_LOOP_ANALYSIS = YES;
				CLANG_WARN_STRICT_PROTOTYPES = YES;
				CLANG_WARN_SUSPICIOUS_MOVE = YES;
				CLANG_WARN_UNGUARDED_AVAILABILITY = YES_AGGRESSIVE;
				CLANG_WARN_UNREACHABLE_CODE = YES;
				CLANG_WARN__DUPLICATE_METHOD_MATCH = YES;
				COPY_PHASE_STRIP = NO;
				DEBUG_INFORMATION_FORMAT = dwarf;
				ENABLE_STRICT_OBJC_MSGSEND = YES;
				ENABLE_TESTABILITY = YES;
				ENABLE_USER_SCRIPT_SANDBOXING = YES;
				GCC_C_LANGUAGE_STANDARD = gnu17;
				GCC_DYNAMIC_NO_PIC = NO;
				GCC_NO_COMMON_BLOCKS = YES;
				GCC_OPTIMIZATION_LEVEL = 0;
				GCC_PREPROCESSOR_DEFINITIONS = (
					"DEBUG=1",
					"$(inherited)",
				);
				GCC_WARN_64_TO_32_BIT_CONVERSION = YES;
				GCC_WARN_ABOUT_RETURN_TYPE = YES_ERROR;
				GCC_WARN_UNDECLARED_SELECTOR = YES;
				GCC_WARN_UNINITIALIZED_AUTOS = YES_AGGRESSIVE;
				GCC_WARN_UNUSED_FUNCTION = YES;
				GCC_WARN_UNUSED_VARIABLE = YES;
				IPHONEOS_DEPLOYMENT_TARGET = 17.2;
				LOCALIZATION_PREFERS_STRING_CATALOGS = YES;
				MTL_ENABLE_DEBUG_INFO = INCLUDE_SOURCE;
				MTL_FAST_MATH = YES;
				ONLY_ACTIVE_ARCH = YES;
				SDKROOT = iphoneos;
				SWIFT_ACTIVE_COMPILATION_CONDITIONS = "DEBUG $(inherited)";
				SWIFT_OPTIMIZATION_LEVEL = "-Onone";
			};
			name = Debug;
		};
		C6E272E42B93575D001BC1D8 /* Release */ = {
			isa = XCBuildConfiguration;
			buildSettings = {
				ALWAYS_SEARCH_USER_PATHS = NO;
				ASSETCATALOG_COMPILER_GENERATE_SWIFT_ASSET_SYMBOL_EXTENSIONS = YES;
				CLANG_ANALYZER_NONNULL = YES;
				CLANG_ANALYZER_NUMBER_OBJECT_CONVERSION = YES_AGGRESSIVE;
				CLANG_CXX_LANGUAGE_STANDARD = "gnu++20";
				CLANG_ENABLE_MODULES = YES;
				CLANG_ENABLE_OBJC_ARC = YES;
				CLANG_ENABLE_OBJC_WEAK = YES;
				CLANG_WARN_BLOCK_CAPTURE_AUTORELEASING = YES;
				CLANG_WARN_BOOL_CONVERSION = YES;
				CLANG_WARN_COMMA = YES;
				CLANG_WARN_CONSTANT_CONVERSION = YES;
				CLANG_WARN_DEPRECATED_OBJC_IMPLEMENTATIONS = YES;
				CLANG_WARN_DIRECT_OBJC_ISA_USAGE = YES_ERROR;
				CLANG_WARN_DOCUMENTATION_COMMENTS = YES;
				CLANG_WARN_EMPTY_BODY = YES;
				CLANG_WARN_ENUM_CONVERSION = YES;
				CLANG_WARN_INFINITE_RECURSION = YES;
				CLANG_WARN_INT_CONVERSION = YES;
				CLANG_WARN_NON_LITERAL_NULL_CONVERSION = YES;
				CLANG_WARN_OBJC_IMPLICIT_RETAIN_SELF = YES;
				CLANG_WARN_OBJC_LITERAL_CONVERSION = YES;
				CLANG_WARN_OBJC_ROOT_CLASS = YES_ERROR;
				CLANG_WARN_QUOTED_INCLUDE_IN_FRAMEWORK_HEADER = YES;
				CLANG_WARN_RANGE_LOOP_ANALYSIS = YES;
				CLANG_WARN_STRICT_PROTOTYPES = YES;
				CLANG_WARN_SUSPICIOUS_MOVE = YES;
				CLANG_WARN_UNGUARDED_AVAILABILITY = YES_AGGRESSIVE;
				CLANG_WARN_UNREACHABLE_CODE = YES;
				CLANG_WARN__DUPLICATE_METHOD_MATCH = YES;
				COPY_PHASE_STRIP = NO;
				DEBUG_INFORMATION_FORMAT = "dwarf-with-dsym";
				ENABLE_NS_ASSERTIONS = NO;
				ENABLE_STRICT_OBJC_MSGSEND = YES;
				ENABLE_USER_SCRIPT_SANDBOXING = YES;
				GCC_C_LANGUAGE_STANDARD = gnu17;
				GCC_NO_COMMON_BLOCKS = YES;
				GCC_WARN_64_TO_32_BIT_CONVERSION = YES;
				GCC_WARN_ABOUT_RETURN_TYPE = YES_ERROR;
				GCC_WARN_UNDECLARED_SELECTOR = YES;
				GCC_WARN_UNINITIALIZED_AUTOS = YES_AGGRESSIVE;
				GCC_WARN_UNUSED_FUNCTION = YES;
				GCC_WARN_UNUSED_VARIABLE = YES;
				IPHONEOS_DEPLOYMENT_TARGET = 17.2;
				LOCALIZATION_PREFERS_STRING_CATALOGS = YES;
				MTL_ENABLE_DEBUG_INFO = NO;
				MTL_FAST_MATH = YES;
				SDKROOT = iphoneos;
				SWIFT_COMPILATION_MODE = wholemodule;
				VALIDATE_PRODUCT = YES;
			};
			name = Release;
		};
		C6E272E62B93575D001BC1D8 /* Debug */ = {
			isa = XCBuildConfiguration;
			buildSettings = {
				ASSETCATALOG_COMPILER_APPICON_NAME = AppIcon;
				ASSETCATALOG_COMPILER_GLOBAL_ACCENT_COLOR_NAME = AccentColor;
				CODE_SIGN_STYLE = Automatic;
				CURRENT_PROJECT_VERSION = 1;
				DEVELOPMENT_ASSET_PATHS = "";
				DEVELOPMENT_TEAM = G66RVSK4H3;
				ENABLE_PREVIEWS = YES;
				GENERATE_INFOPLIST_FILE = YES;
				INFOPLIST_KEY_NSLocationWhenInUseUsageDescription = "Please Allow Us to user your location to find you nearby Raid.";
				INFOPLIST_KEY_UIApplicationSceneManifest_Generation = YES;
				INFOPLIST_KEY_UIApplicationSupportsIndirectInputEvents = YES;
				INFOPLIST_KEY_UILaunchScreen_Generation = YES;
				INFOPLIST_KEY_UISupportedInterfaceOrientations_iPad = "UIInterfaceOrientationPortrait UIInterfaceOrientationPortraitUpsideDown UIInterfaceOrientationLandscapeLeft UIInterfaceOrientationLandscapeRight";
				INFOPLIST_KEY_UISupportedInterfaceOrientations_iPhone = "UIInterfaceOrientationPortrait UIInterfaceOrientationLandscapeLeft UIInterfaceOrientationLandscapeRight";
				LD_RUNPATH_SEARCH_PATHS = (
					"$(inherited)",
					"@executable_path/Frameworks",
				);
				MARKETING_VERSION = 1.0;
				PRODUCT_BUNDLE_IDENTIFIER = com.sudagoarth.UberSwiftUI;
				PRODUCT_NAME = "$(TARGET_NAME)";
				SWIFT_EMIT_LOC_STRINGS = YES;
				SWIFT_VERSION = 5.0;
				TARGETED_DEVICE_FAMILY = "1,2";
			};
			name = Debug;
		};
		C6E272E72B93575D001BC1D8 /* Release */ = {
			isa = XCBuildConfiguration;
			buildSettings = {
				ASSETCATALOG_COMPILER_APPICON_NAME = AppIcon;
				ASSETCATALOG_COMPILER_GLOBAL_ACCENT_COLOR_NAME = AccentColor;
				CODE_SIGN_STYLE = Automatic;
				CURRENT_PROJECT_VERSION = 1;
				DEVELOPMENT_ASSET_PATHS = "";
				DEVELOPMENT_TEAM = G66RVSK4H3;
				ENABLE_PREVIEWS = YES;
				GENERATE_INFOPLIST_FILE = YES;
				INFOPLIST_KEY_NSLocationWhenInUseUsageDescription = "Please Allow Us to user your location to find you nearby Raid.";
				INFOPLIST_KEY_UIApplicationSceneManifest_Generation = YES;
				INFOPLIST_KEY_UIApplicationSupportsIndirectInputEvents = YES;
				INFOPLIST_KEY_UILaunchScreen_Generation = YES;
				INFOPLIST_KEY_UISupportedInterfaceOrientations_iPad = "UIInterfaceOrientationPortrait UIInterfaceOrientationPortraitUpsideDown UIInterfaceOrientationLandscapeLeft UIInterfaceOrientationLandscapeRight";
				INFOPLIST_KEY_UISupportedInterfaceOrientations_iPhone = "UIInterfaceOrientationPortrait UIInterfaceOrientationLandscapeLeft UIInterfaceOrientationLandscapeRight";
				LD_RUNPATH_SEARCH_PATHS = (
					"$(inherited)",
					"@executable_path/Frameworks",
				);
				MARKETING_VERSION = 1.0;
				PRODUCT_BUNDLE_IDENTIFIER = com.sudagoarth.UberSwiftUI;
				PRODUCT_NAME = "$(TARGET_NAME)";
				SWIFT_EMIT_LOC_STRINGS = YES;
				SWIFT_VERSION = 5.0;
				TARGETED_DEVICE_FAMILY = "1,2";
			};
			name = Release;
		};
/* End XCBuildConfiguration section */

/* Begin XCConfigurationList section */
		C6E272D22B93575B001BC1D8 /* Build configuration list for PBXProject "UberSwiftUI" */ = {
			isa = XCConfigurationList;
			buildConfigurations = (
				C6E272E32B93575D001BC1D8 /* Debug */,
				C6E272E42B93575D001BC1D8 /* Release */,
			);
			defaultConfigurationIsVisible = 0;
			defaultConfigurationName = Release;
		};
		C6E272E52B93575D001BC1D8 /* Build configuration list for PBXNativeTarget "UberSwiftUI" */ = {
			isa = XCConfigurationList;
			buildConfigurations = (
				C6E272E62B93575D001BC1D8 /* Debug */,
				C6E272E72B93575D001BC1D8 /* Release */,
			);
			defaultConfigurationIsVisible = 0;
			defaultConfigurationName = Release;
		};
/* End XCConfigurationList section */
	};
	rootObject = C6E272CF2B93575B001BC1D8 /* Project object */;
}
